
Microsoft Visual Studio Solution File, Format Version 12.00
# Visual Studio Version 17
VisualStudioVersion = 17.0.31903.59
MinimumVisualStudioVersion = 10.0.40219.1
Project("{2150E333-8FDC-42A3-9474-1A3956D46DE8}") = "src", "src", "{827E0CD3-B72D-47B6-A68D-7590B98EB39B}"
EndProject
Project("{2150E333-8FDC-42A3-9474-1A3956D46DE8}") = "Core", "Core", "{8D626EA8-CB54-BC41-363A-217881BEBA6E}"
EndProject
Project("{FAE04EC0-301F-11D3-BF4B-00C04F79EFBC}") = "mate.Core", "src\Core\mate.Core\mate.Core.csproj", "{EB6D833E-E7F8-48B2-A5C8-DF20C09623F7}"
EndProject
Project("{FAE04EC0-301F-11D3-BF4B-00C04F79EFBC}") = "mate.Data", "src\Core\mate.Data\mate.Data.csproj", "{F635D2A1-5A2C-429A-AFFC-F9EE4E4E715B}"
EndProject
Project("{FAE04EC0-301F-11D3-BF4B-00C04F79EFBC}") = "mate.Domain", "src\Core\mate.Domain\mate.Domain.csproj", "{EFCE4667-4748-4975-A0D0-74D1CD7F0984}"
EndProject
Project("{FAE04EC0-301F-11D3-BF4B-00C04F79EFBC}") = "mate.CLI", "src\Host\mate.CLI\mate.CLI.csproj", "{F55F4200-6F28-48D7-A01F-D1B14C2BAE47}"
EndProject
Project("{FAE04EC0-301F-11D3-BF4B-00C04F79EFBC}") = "mate.WebUI", "src\Host\mate.WebUI\mate.WebUI.csproj", "{E9C81622-9E6F-45FC-AAE8-5DF1100DCCE5}"
EndProject
Project("{FAE04EC0-301F-11D3-BF4B-00C04F79EFBC}") = "mate.Worker", "src\Host\mate.Worker\mate.Worker.csproj", "{6F7FF804-D1E5-4D73-8AD7-B1B2FCFCE4EA}"
EndProject
Project("{FAE04EC0-301F-11D3-BF4B-00C04F79EFBC}") = "mate.Infrastructure.Azure", "src\Infrastructure\mate.Infrastructure.Azure\mate.Infrastructure.Azure.csproj", "{8F62C8BF-42EF-47BF-8072-E3F7B02B1CCE}"
EndProject
Project("{FAE04EC0-301F-11D3-BF4B-00C04F79EFBC}") = "mate.Infrastructure.Local", "src\Infrastructure\mate.Infrastructure.Local\mate.Infrastructure.Local.csproj", "{895141BA-676E-4780-8086-72992A13BCD9}"
EndProject
Project("{FAE04EC0-301F-11D3-BF4B-00C04F79EFBC}") = "mate.Modules.AgentConnector.AIFoundry", "src\Modules\AgentConnectors\mate.Modules.AgentConnector.AIFoundry\mate.Modules.AgentConnector.AIFoundry.csproj", "{D79AD2A3-C07C-4B1C-ADC4-FF3A4915F1DB}"
EndProject
Project("{FAE04EC0-301F-11D3-BF4B-00C04F79EFBC}") = "mate.Modules.AgentConnector.CopilotStudio", "src\Modules\AgentConnectors\mate.Modules.AgentConnector.CopilotStudio\mate.Modules.AgentConnector.CopilotStudio.csproj", "{1B825AF6-ACF0-4075-89FF-29220A59376E}"
EndProject
Project("{FAE04EC0-301F-11D3-BF4B-00C04F79EFBC}") = "mate.Modules.AgentConnector.Generic", "src\Modules\AgentConnectors\mate.Modules.AgentConnector.Generic\mate.Modules.AgentConnector.Generic.csproj", "{E94FDF3D-49B5-49F3-8E33-714A2DCB7EB5}"
EndProject
Project("{FAE04EC0-301F-11D3-BF4B-00C04F79EFBC}") = "mate.Modules.AgentConnector.Parloa", "src\Modules\AgentConnectors\mate.Modules.AgentConnector.Parloa\mate.Modules.AgentConnector.Parloa.csproj", "{55B17AD0-E571-4678-B2E6-F332BC1E3065}"
EndProject
Project("{FAE04EC0-301F-11D3-BF4B-00C04F79EFBC}") = "mate.Modules.Auth.EntraId", "src\Modules\Authentication\mate.Modules.Auth.EntraId\mate.Modules.Auth.EntraId.csproj", "{81FC32AF-3C94-45D5-9B96-A99706413745}"
EndProject
Project("{FAE04EC0-301F-11D3-BF4B-00C04F79EFBC}") = "mate.Modules.Auth.Generic", "src\Modules\Authentication\mate.Modules.Auth.Generic\mate.Modules.Auth.Generic.csproj", "{E36B104D-584C-41A9-8FF8-44BA54C158E2}"
EndProject
Project("{FAE04EC0-301F-11D3-BF4B-00C04F79EFBC}") = "mate.Modules.Auth.OAuth", "src\Modules\Authentication\mate.Modules.Auth.OAuth\mate.Modules.Auth.OAuth.csproj", "{6DB0284D-E01F-4FEC-A310-7B7E57D2507F}"
EndProject
Project("{FAE04EC0-301F-11D3-BF4B-00C04F79EFBC}") = "mate.Modules.Monitoring.ApplicationInsights", "src\Modules\Monitoring\mate.Modules.Monitoring.ApplicationInsights\mate.Modules.Monitoring.ApplicationInsights.csproj", "{2CD85705-2D27-447C-8DD6-60EF38A82602}"
EndProject
Project("{FAE04EC0-301F-11D3-BF4B-00C04F79EFBC}") = "mate.Modules.Monitoring.Generic", "src\Modules\Monitoring\mate.Modules.Monitoring.Generic\mate.Modules.Monitoring.Generic.csproj", "{01477F3E-6C8E-4060-98FE-3DDEED9DAB97}"
EndProject
Project("{FAE04EC0-301F-11D3-BF4B-00C04F79EFBC}") = "mate.Modules.Monitoring.OpenTelemetry", "src\Modules\Monitoring\mate.Modules.Monitoring.OpenTelemetry\mate.Modules.Monitoring.OpenTelemetry.csproj", "{86D65388-D5A6-48AC-8652-FA801F3C2241}"
EndProject
Project("{FAE04EC0-301F-11D3-BF4B-00C04F79EFBC}") = "mate.Modules.Testing.Generic", "src\Modules\Testing\mate.Modules.Testing.Generic\mate.Modules.Testing.Generic.csproj", "{F61CB3D7-BC8D-4B03-A624-9B05443A0816}"
EndProject
Project("{FAE04EC0-301F-11D3-BF4B-00C04F79EFBC}") = "mate.Modules.Testing.HybridJudge", "src\Modules\Testing\mate.Modules.Testing.HybridJudge\mate.Modules.Testing.HybridJudge.csproj", "{66F5E31F-7C68-4E11-BE3F-AADCC509C8EC}"
EndProject
Project("{FAE04EC0-301F-11D3-BF4B-00C04F79EFBC}") = "mate.Modules.Testing.ModelAsJudge", "src\Modules\Testing\mate.Modules.Testing.ModelAsJudge\mate.Modules.Testing.ModelAsJudge.csproj", "{EF7EBCA9-BC65-461B-9718-FB933729FA95}"
EndProject
Project("{FAE04EC0-301F-11D3-BF4B-00C04F79EFBC}") = "mate.Modules.Testing.RubricsJudge", "src\Modules\Testing\mate.Modules.Testing.RubricsJudge\mate.Modules.Testing.RubricsJudge.csproj", "{8A62089F-8D26-49C8-913F-9EE7AE16D696}"
EndProject
Project("{FAE04EC0-301F-11D3-BF4B-00C04F79EFBC}") = "mate.Modules.Testing.CopilotStudioJudge", "src\Modules\Testing\mate.Modules.Testing.CopilotStudioJudge\mate.Modules.Testing.CopilotStudioJudge.csproj", "{4C2E1F8B-9A73-4D56-B2E7-0F1C3A4E5D6B}"
EndProject
Project("{FAE04EC0-301F-11D3-BF4B-00C04F79EFBC}") = "mate.Modules.Testing.ModelQGen", "src\Modules\Testing\mate.Modules.Testing.ModelQGen\mate.Modules.Testing.ModelQGen.csproj", "{2D7F4A1E-5B3C-4E8D-A9F6-1C0B2D3E4F5A}"
EndProject
Project("{FAE04EC0-301F-11D3-BF4B-00C04F79EFBC}") = "mate.Tests.EndToEnd", "tests\mate.Tests.EndToEnd\mate.Tests.EndToEnd.csproj", "{E4452150-696D-4C0B-AA57-4577AADC39AA}"
EndProject
Project("{FAE04EC0-301F-11D3-BF4B-00C04F79EFBC}") = "mate.Tests.Integration", "tests\mate.Tests.Integration\mate.Tests.Integration.csproj", "{04B84C3D-192F-4529-893F-BF76031881D8}"
EndProject
Project("{FAE04EC0-301F-11D3-BF4B-00C04F79EFBC}") = "mate.Tests.Unit", "tests\mate.Tests.Unit\mate.Tests.Unit.csproj", "{89EAAF29-9775-4637-8DB0-F10871A5C5D0}"
EndProject
Global
	GlobalSection(SolutionConfigurationPlatforms) = preSolution
		Debug|Any CPU = Debug|Any CPU
		Debug|x64 = Debug|x64
		Debug|x86 = Debug|x86
		Release|Any CPU = Release|Any CPU
		Release|x64 = Release|x64
		Release|x86 = Release|x86
	EndGlobalSection
	GlobalSection(ProjectConfigurationPlatforms) = postSolution
		{EB6D833E-E7F8-48B2-A5C8-DF20C09623F7}.Debug|Any CPU.ActiveCfg = Debug|Any CPU
		{EB6D833E-E7F8-48B2-A5C8-DF20C09623F7}.Debug|Any CPU.Build.0 = Debug|Any CPU
		{EB6D833E-E7F8-48B2-A5C8-DF20C09623F7}.Debug|x64.ActiveCfg = Debug|Any CPU
		{EB6D833E-E7F8-48B2-A5C8-DF20C09623F7}.Debug|x64.Build.0 = Debug|Any CPU
		{EB6D833E-E7F8-48B2-A5C8-DF20C09623F7}.Debug|x86.ActiveCfg = Debug|Any CPU
		{EB6D833E-E7F8-48B2-A5C8-DF20C09623F7}.Debug|x86.Build.0 = Debug|Any CPU
		{EB6D833E-E7F8-48B2-A5C8-DF20C09623F7}.Release|Any CPU.ActiveCfg = Release|Any CPU
		{EB6D833E-E7F8-48B2-A5C8-DF20C09623F7}.Release|Any CPU.Build.0 = Release|Any CPU
		{EB6D833E-E7F8-48B2-A5C8-DF20C09623F7}.Release|x64.ActiveCfg = Release|Any CPU
		{EB6D833E-E7F8-48B2-A5C8-DF20C09623F7}.Release|x64.Build.0 = Release|Any CPU
		{EB6D833E-E7F8-48B2-A5C8-DF20C09623F7}.Release|x86.ActiveCfg = Release|Any CPU
		{EB6D833E-E7F8-48B2-A5C8-DF20C09623F7}.Release|x86.Build.0 = Release|Any CPU
		{F635D2A1-5A2C-429A-AFFC-F9EE4E4E715B}.Debug|Any CPU.ActiveCfg = Debug|Any CPU
		{F635D2A1-5A2C-429A-AFFC-F9EE4E4E715B}.Debug|Any CPU.Build.0 = Debug|Any CPU
		{F635D2A1-5A2C-429A-AFFC-F9EE4E4E715B}.Debug|x64.ActiveCfg = Debug|Any CPU
		{F635D2A1-5A2C-429A-AFFC-F9EE4E4E715B}.Debug|x64.Build.0 = Debug|Any CPU
		{F635D2A1-5A2C-429A-AFFC-F9EE4E4E715B}.Debug|x86.ActiveCfg = Debug|Any CPU
		{F635D2A1-5A2C-429A-AFFC-F9EE4E4E715B}.Debug|x86.Build.0 = Debug|Any CPU
		{F635D2A1-5A2C-429A-AFFC-F9EE4E4E715B}.Release|Any CPU.ActiveCfg = Release|Any CPU
		{F635D2A1-5A2C-429A-AFFC-F9EE4E4E715B}.Release|Any CPU.Build.0 = Release|Any CPU
		{F635D2A1-5A2C-429A-AFFC-F9EE4E4E715B}.Release|x64.ActiveCfg = Release|Any CPU
		{F635D2A1-5A2C-429A-AFFC-F9EE4E4E715B}.Release|x64.Build.0 = Release|Any CPU
		{F635D2A1-5A2C-429A-AFFC-F9EE4E4E715B}.Release|x86.ActiveCfg = Release|Any CPU
		{F635D2A1-5A2C-429A-AFFC-F9EE4E4E715B}.Release|x86.Build.0 = Release|Any CPU
		{EFCE4667-4748-4975-A0D0-74D1CD7F0984}.Debug|Any CPU.ActiveCfg = Debug|Any CPU
		{EFCE4667-4748-4975-A0D0-74D1CD7F0984}.Debug|Any CPU.Build.0 = Debug|Any CPU
		{EFCE4667-4748-4975-A0D0-74D1CD7F0984}.Debug|x64.ActiveCfg = Debug|Any CPU
		{EFCE4667-4748-4975-A0D0-74D1CD7F0984}.Debug|x64.Build.0 = Debug|Any CPU
		{EFCE4667-4748-4975-A0D0-74D1CD7F0984}.Debug|x86.ActiveCfg = Debug|Any CPU
		{EFCE4667-4748-4975-A0D0-74D1CD7F0984}.Debug|x86.Build.0 = Debug|Any CPU
		{EFCE4667-4748-4975-A0D0-74D1CD7F0984}.Release|Any CPU.ActiveCfg = Release|Any CPU
		{EFCE4667-4748-4975-A0D0-74D1CD7F0984}.Release|Any CPU.Build.0 = Release|Any CPU
		{EFCE4667-4748-4975-A0D0-74D1CD7F0984}.Release|x64.ActiveCfg = Release|Any CPU
		{EFCE4667-4748-4975-A0D0-74D1CD7F0984}.Release|x64.Build.0 = Release|Any CPU
		{EFCE4667-4748-4975-A0D0-74D1CD7F0984}.Release|x86.ActiveCfg = Release|Any CPU
		{EFCE4667-4748-4975-A0D0-74D1CD7F0984}.Release|x86.Build.0 = Release|Any CPU
		{F55F4200-6F28-48D7-A01F-D1B14C2BAE47}.Debug|Any CPU.ActiveCfg = Debug|Any CPU
		{F55F4200-6F28-48D7-A01F-D1B14C2BAE47}.Debug|Any CPU.Build.0 = Debug|Any CPU
		{F55F4200-6F28-48D7-A01F-D1B14C2BAE47}.Debug|x64.ActiveCfg = Debug|Any CPU
		{F55F4200-6F28-48D7-A01F-D1B14C2BAE47}.Debug|x64.Build.0 = Debug|Any CPU
		{F55F4200-6F28-48D7-A01F-D1B14C2BAE47}.Debug|x86.ActiveCfg = Debug|Any CPU
		{F55F4200-6F28-48D7-A01F-D1B14C2BAE47}.Debug|x86.Build.0 = Debug|Any CPU
		{F55F4200-6F28-48D7-A01F-D1B14C2BAE47}.Release|Any CPU.ActiveCfg = Release|Any CPU
		{F55F4200-6F28-48D7-A01F-D1B14C2BAE47}.Release|Any CPU.Build.0 = Release|Any CPU
		{F55F4200-6F28-48D7-A01F-D1B14C2BAE47}.Release|x64.ActiveCfg = Release|Any CPU
		{F55F4200-6F28-48D7-A01F-D1B14C2BAE47}.Release|x64.Build.0 = Release|Any CPU
		{F55F4200-6F28-48D7-A01F-D1B14C2BAE47}.Release|x86.ActiveCfg = Release|Any CPU
		{F55F4200-6F28-48D7-A01F-D1B14C2BAE47}.Release|x86.Build.0 = Release|Any CPU
		{E9C81622-9E6F-45FC-AAE8-5DF1100DCCE5}.Debug|Any CPU.ActiveCfg = Debug|Any CPU
		{E9C81622-9E6F-45FC-AAE8-5DF1100DCCE5}.Debug|Any CPU.Build.0 = Debug|Any CPU
		{E9C81622-9E6F-45FC-AAE8-5DF1100DCCE5}.Debug|x64.ActiveCfg = Debug|Any CPU
		{E9C81622-9E6F-45FC-AAE8-5DF1100DCCE5}.Debug|x64.Build.0 = Debug|Any CPU
		{E9C81622-9E6F-45FC-AAE8-5DF1100DCCE5}.Debug|x86.ActiveCfg = Debug|Any CPU
		{E9C81622-9E6F-45FC-AAE8-5DF1100DCCE5}.Debug|x86.Build.0 = Debug|Any CPU
		{E9C81622-9E6F-45FC-AAE8-5DF1100DCCE5}.Release|Any CPU.ActiveCfg = Release|Any CPU
		{E9C81622-9E6F-45FC-AAE8-5DF1100DCCE5}.Release|Any CPU.Build.0 = Release|Any CPU
		{E9C81622-9E6F-45FC-AAE8-5DF1100DCCE5}.Release|x64.ActiveCfg = Release|Any CPU
		{E9C81622-9E6F-45FC-AAE8-5DF1100DCCE5}.Release|x64.Build.0 = Release|Any CPU
		{E9C81622-9E6F-45FC-AAE8-5DF1100DCCE5}.Release|x86.ActiveCfg = Release|Any CPU
		{E9C81622-9E6F-45FC-AAE8-5DF1100DCCE5}.Release|x86.Build.0 = Release|Any CPU
		{6F7FF804-D1E5-4D73-8AD7-B1B2FCFCE4EA}.Debug|Any CPU.ActiveCfg = Debug|Any CPU
		{6F7FF804-D1E5-4D73-8AD7-B1B2FCFCE4EA}.Debug|Any CPU.Build.0 = Debug|Any CPU
		{6F7FF804-D1E5-4D73-8AD7-B1B2FCFCE4EA}.Debug|x64.ActiveCfg = Debug|Any CPU
		{6F7FF804-D1E5-4D73-8AD7-B1B2FCFCE4EA}.Debug|x64.Build.0 = Debug|Any CPU
		{6F7FF804-D1E5-4D73-8AD7-B1B2FCFCE4EA}.Debug|x86.ActiveCfg = Debug|Any CPU
		{6F7FF804-D1E5-4D73-8AD7-B1B2FCFCE4EA}.Debug|x86.Build.0 = Debug|Any CPU
		{6F7FF804-D1E5-4D73-8AD7-B1B2FCFCE4EA}.Release|Any CPU.ActiveCfg = Release|Any CPU
		{6F7FF804-D1E5-4D73-8AD7-B1B2FCFCE4EA}.Release|Any CPU.Build.0 = Release|Any CPU
		{6F7FF804-D1E5-4D73-8AD7-B1B2FCFCE4EA}.Release|x64.ActiveCfg = Release|Any CPU
		{6F7FF804-D1E5-4D73-8AD7-B1B2FCFCE4EA}.Release|x64.Build.0 = Release|Any CPU
		{6F7FF804-D1E5-4D73-8AD7-B1B2FCFCE4EA}.Release|x86.ActiveCfg = Release|Any CPU
		{6F7FF804-D1E5-4D73-8AD7-B1B2FCFCE4EA}.Release|x86.Build.0 = Release|Any CPU
		{8F62C8BF-42EF-47BF-8072-E3F7B02B1CCE}.Debug|Any CPU.ActiveCfg = Debug|Any CPU
		{8F62C8BF-42EF-47BF-8072-E3F7B02B1CCE}.Debug|Any CPU.Build.0 = Debug|Any CPU
		{8F62C8BF-42EF-47BF-8072-E3F7B02B1CCE}.Debug|x64.ActiveCfg = Debug|Any CPU
		{8F62C8BF-42EF-47BF-8072-E3F7B02B1CCE}.Debug|x64.Build.0 = Debug|Any CPU
		{8F62C8BF-42EF-47BF-8072-E3F7B02B1CCE}.Debug|x86.ActiveCfg = Debug|Any CPU
		{8F62C8BF-42EF-47BF-8072-E3F7B02B1CCE}.Debug|x86.Build.0 = Debug|Any CPU
		{8F62C8BF-42EF-47BF-8072-E3F7B02B1CCE}.Release|Any CPU.ActiveCfg = Release|Any CPU
		{8F62C8BF-42EF-47BF-8072-E3F7B02B1CCE}.Release|Any CPU.Build.0 = Release|Any CPU
		{8F62C8BF-42EF-47BF-8072-E3F7B02B1CCE}.Release|x64.ActiveCfg = Release|Any CPU
		{8F62C8BF-42EF-47BF-8072-E3F7B02B1CCE}.Release|x64.Build.0 = Release|Any CPU
		{8F62C8BF-42EF-47BF-8072-E3F7B02B1CCE}.Release|x86.ActiveCfg = Release|Any CPU
		{8F62C8BF-42EF-47BF-8072-E3F7B02B1CCE}.Release|x86.Build.0 = Release|Any CPU
		{895141BA-676E-4780-8086-72992A13BCD9}.Debug|Any CPU.ActiveCfg = Debug|Any CPU
		{895141BA-676E-4780-8086-72992A13BCD9}.Debug|Any CPU.Build.0 = Debug|Any CPU
		{895141BA-676E-4780-8086-72992A13BCD9}.Debug|x64.ActiveCfg = Debug|Any CPU
		{895141BA-676E-4780-8086-72992A13BCD9}.Debug|x64.Build.0 = Debug|Any CPU
		{895141BA-676E-4780-8086-72992A13BCD9}.Debug|x86.ActiveCfg = Debug|Any CPU
		{895141BA-676E-4780-8086-72992A13BCD9}.Debug|x86.Build.0 = Debug|Any CPU
		{895141BA-676E-4780-8086-72992A13BCD9}.Release|Any CPU.ActiveCfg = Release|Any CPU
		{895141BA-676E-4780-8086-72992A13BCD9}.Release|Any CPU.Build.0 = Release|Any CPU
		{895141BA-676E-4780-8086-72992A13BCD9}.Release|x64.ActiveCfg = Release|Any CPU
		{895141BA-676E-4780-8086-72992A13BCD9}.Release|x64.Build.0 = Release|Any CPU
		{895141BA-676E-4780-8086-72992A13BCD9}.Release|x86.ActiveCfg = Release|Any CPU
		{895141BA-676E-4780-8086-72992A13BCD9}.Release|x86.Build.0 = Release|Any CPU
		{D79AD2A3-C07C-4B1C-ADC4-FF3A4915F1DB}.Debug|Any CPU.ActiveCfg = Debug|Any CPU
		{D79AD2A3-C07C-4B1C-ADC4-FF3A4915F1DB}.Debug|Any CPU.Build.0 = Debug|Any CPU
		{D79AD2A3-C07C-4B1C-ADC4-FF3A4915F1DB}.Debug|x64.ActiveCfg = Debug|Any CPU
		{D79AD2A3-C07C-4B1C-ADC4-FF3A4915F1DB}.Debug|x64.Build.0 = Debug|Any CPU
		{D79AD2A3-C07C-4B1C-ADC4-FF3A4915F1DB}.Debug|x86.ActiveCfg = Debug|Any CPU
		{D79AD2A3-C07C-4B1C-ADC4-FF3A4915F1DB}.Debug|x86.Build.0 = Debug|Any CPU
		{D79AD2A3-C07C-4B1C-ADC4-FF3A4915F1DB}.Release|Any CPU.ActiveCfg = Release|Any CPU
		{D79AD2A3-C07C-4B1C-ADC4-FF3A4915F1DB}.Release|Any CPU.Build.0 = Release|Any CPU
		{D79AD2A3-C07C-4B1C-ADC4-FF3A4915F1DB}.Release|x64.ActiveCfg = Release|Any CPU
		{D79AD2A3-C07C-4B1C-ADC4-FF3A4915F1DB}.Release|x64.Build.0 = Release|Any CPU
		{D79AD2A3-C07C-4B1C-ADC4-FF3A4915F1DB}.Release|x86.ActiveCfg = Release|Any CPU
		{D79AD2A3-C07C-4B1C-ADC4-FF3A4915F1DB}.Release|x86.Build.0 = Release|Any CPU
		{1B825AF6-ACF0-4075-89FF-29220A59376E}.Debug|Any CPU.ActiveCfg = Debug|Any CPU
		{1B825AF6-ACF0-4075-89FF-29220A59376E}.Debug|Any CPU.Build.0 = Debug|Any CPU
		{1B825AF6-ACF0-4075-89FF-29220A59376E}.Debug|x64.ActiveCfg = Debug|Any CPU
		{1B825AF6-ACF0-4075-89FF-29220A59376E}.Debug|x64.Build.0 = Debug|Any CPU
		{1B825AF6-ACF0-4075-89FF-29220A59376E}.Debug|x86.ActiveCfg = Debug|Any CPU
		{1B825AF6-ACF0-4075-89FF-29220A59376E}.Debug|x86.Build.0 = Debug|Any CPU
		{1B825AF6-ACF0-4075-89FF-29220A59376E}.Release|Any CPU.ActiveCfg = Release|Any CPU
		{1B825AF6-ACF0-4075-89FF-29220A59376E}.Release|Any CPU.Build.0 = Release|Any CPU
		{1B825AF6-ACF0-4075-89FF-29220A59376E}.Release|x64.ActiveCfg = Release|Any CPU
		{1B825AF6-ACF0-4075-89FF-29220A59376E}.Release|x64.Build.0 = Release|Any CPU
		{1B825AF6-ACF0-4075-89FF-29220A59376E}.Release|x86.ActiveCfg = Release|Any CPU
		{1B825AF6-ACF0-4075-89FF-29220A59376E}.Release|x86.Build.0 = Release|Any CPU
		{E94FDF3D-49B5-49F3-8E33-714A2DCB7EB5}.Debug|Any CPU.ActiveCfg = Debug|Any CPU
		{E94FDF3D-49B5-49F3-8E33-714A2DCB7EB5}.Debug|Any CPU.Build.0 = Debug|Any CPU
		{E94FDF3D-49B5-49F3-8E33-714A2DCB7EB5}.Debug|x64.ActiveCfg = Debug|Any CPU
		{E94FDF3D-49B5-49F3-8E33-714A2DCB7EB5}.Debug|x64.Build.0 = Debug|Any CPU
		{E94FDF3D-49B5-49F3-8E33-714A2DCB7EB5}.Debug|x86.ActiveCfg = Debug|Any CPU
		{E94FDF3D-49B5-49F3-8E33-714A2DCB7EB5}.Debug|x86.Build.0 = Debug|Any CPU
		{E94FDF3D-49B5-49F3-8E33-714A2DCB7EB5}.Release|Any CPU.ActiveCfg = Release|Any CPU
		{E94FDF3D-49B5-49F3-8E33-714A2DCB7EB5}.Release|Any CPU.Build.0 = Release|Any CPU
		{E94FDF3D-49B5-49F3-8E33-714A2DCB7EB5}.Release|x64.ActiveCfg = Release|Any CPU
		{E94FDF3D-49B5-49F3-8E33-714A2DCB7EB5}.Release|x64.Build.0 = Release|Any CPU
		{E94FDF3D-49B5-49F3-8E33-714A2DCB7EB5}.Release|x86.ActiveCfg = Release|Any CPU
		{E94FDF3D-49B5-49F3-8E33-714A2DCB7EB5}.Release|x86.Build.0 = Release|Any CPU
		{55B17AD0-E571-4678-B2E6-F332BC1E3065}.Debug|Any CPU.ActiveCfg = Debug|Any CPU
		{55B17AD0-E571-4678-B2E6-F332BC1E3065}.Debug|Any CPU.Build.0 = Debug|Any CPU
		{55B17AD0-E571-4678-B2E6-F332BC1E3065}.Debug|x64.ActiveCfg = Debug|Any CPU
		{55B17AD0-E571-4678-B2E6-F332BC1E3065}.Debug|x64.Build.0 = Debug|Any CPU
		{55B17AD0-E571-4678-B2E6-F332BC1E3065}.Debug|x86.ActiveCfg = Debug|Any CPU
		{55B17AD0-E571-4678-B2E6-F332BC1E3065}.Debug|x86.Build.0 = Debug|Any CPU
		{55B17AD0-E571-4678-B2E6-F332BC1E3065}.Release|Any CPU.ActiveCfg = Release|Any CPU
		{55B17AD0-E571-4678-B2E6-F332BC1E3065}.Release|Any CPU.Build.0 = Release|Any CPU
		{55B17AD0-E571-4678-B2E6-F332BC1E3065}.Release|x64.ActiveCfg = Release|Any CPU
		{55B17AD0-E571-4678-B2E6-F332BC1E3065}.Release|x64.Build.0 = Release|Any CPU
		{55B17AD0-E571-4678-B2E6-F332BC1E3065}.Release|x86.ActiveCfg = Release|Any CPU
		{55B17AD0-E571-4678-B2E6-F332BC1E3065}.Release|x86.Build.0 = Release|Any CPU
		{81FC32AF-3C94-45D5-9B96-A99706413745}.Debug|Any CPU.ActiveCfg = Debug|Any CPU
		{81FC32AF-3C94-45D5-9B96-A99706413745}.Debug|Any CPU.Build.0 = Debug|Any CPU
		{81FC32AF-3C94-45D5-9B96-A99706413745}.Debug|x64.ActiveCfg = Debug|Any CPU
		{81FC32AF-3C94-45D5-9B96-A99706413745}.Debug|x64.Build.0 = Debug|Any CPU
		{81FC32AF-3C94-45D5-9B96-A99706413745}.Debug|x86.ActiveCfg = Debug|Any CPU
		{81FC32AF-3C94-45D5-9B96-A99706413745}.Debug|x86.Build.0 = Debug|Any CPU
		{81FC32AF-3C94-45D5-9B96-A99706413745}.Release|Any CPU.ActiveCfg = Release|Any CPU
		{81FC32AF-3C94-45D5-9B96-A99706413745}.Release|Any CPU.Build.0 = Release|Any CPU
		{81FC32AF-3C94-45D5-9B96-A99706413745}.Release|x64.ActiveCfg = Release|Any CPU
		{81FC32AF-3C94-45D5-9B96-A99706413745}.Release|x64.Build.0 = Release|Any CPU
		{81FC32AF-3C94-45D5-9B96-A99706413745}.Release|x86.ActiveCfg = Release|Any CPU
		{81FC32AF-3C94-45D5-9B96-A99706413745}.Release|x86.Build.0 = Release|Any CPU
		{E36B104D-584C-41A9-8FF8-44BA54C158E2}.Debug|Any CPU.ActiveCfg = Debug|Any CPU
		{E36B104D-584C-41A9-8FF8-44BA54C158E2}.Debug|Any CPU.Build.0 = Debug|Any CPU
		{E36B104D-584C-41A9-8FF8-44BA54C158E2}.Debug|x64.ActiveCfg = Debug|Any CPU
		{E36B104D-584C-41A9-8FF8-44BA54C158E2}.Debug|x64.Build.0 = Debug|Any CPU
		{E36B104D-584C-41A9-8FF8-44BA54C158E2}.Debug|x86.ActiveCfg = Debug|Any CPU
		{E36B104D-584C-41A9-8FF8-44BA54C158E2}.Debug|x86.Build.0 = Debug|Any CPU
		{E36B104D-584C-41A9-8FF8-44BA54C158E2}.Release|Any CPU.ActiveCfg = Release|Any CPU
		{E36B104D-584C-41A9-8FF8-44BA54C158E2}.Release|Any CPU.Build.0 = Release|Any CPU
		{E36B104D-584C-41A9-8FF8-44BA54C158E2}.Release|x64.ActiveCfg = Release|Any CPU
		{E36B104D-584C-41A9-8FF8-44BA54C158E2}.Release|x64.Build.0 = Release|Any CPU
		{E36B104D-584C-41A9-8FF8-44BA54C158E2}.Release|x86.ActiveCfg = Release|Any CPU
		{E36B104D-584C-41A9-8FF8-44BA54C158E2}.Release|x86.Build.0 = Release|Any CPU
		{6DB0284D-E01F-4FEC-A310-7B7E57D2507F}.Debug|Any CPU.ActiveCfg = Debug|Any CPU
		{6DB0284D-E01F-4FEC-A310-7B7E57D2507F}.Debug|Any CPU.Build.0 = Debug|Any CPU
		{6DB0284D-E01F-4FEC-A310-7B7E57D2507F}.Debug|x64.ActiveCfg = Debug|Any CPU
		{6DB0284D-E01F-4FEC-A310-7B7E57D2507F}.Debug|x64.Build.0 = Debug|Any CPU
		{6DB0284D-E01F-4FEC-A310-7B7E57D2507F}.Debug|x86.ActiveCfg = Debug|Any CPU
		{6DB0284D-E01F-4FEC-A310-7B7E57D2507F}.Debug|x86.Build.0 = Debug|Any CPU
		{6DB0284D-E01F-4FEC-A310-7B7E57D2507F}.Release|Any CPU.ActiveCfg = Release|Any CPU
		{6DB0284D-E01F-4FEC-A310-7B7E57D2507F}.Release|Any CPU.Build.0 = Release|Any CPU
		{6DB0284D-E01F-4FEC-A310-7B7E57D2507F}.Release|x64.ActiveCfg = Release|Any CPU
		{6DB0284D-E01F-4FEC-A310-7B7E57D2507F}.Release|x64.Build.0 = Release|Any CPU
		{6DB0284D-E01F-4FEC-A310-7B7E57D2507F}.Release|x86.ActiveCfg = Release|Any CPU
		{6DB0284D-E01F-4FEC-A310-7B7E57D2507F}.Release|x86.Build.0 = Release|Any CPU
		{2CD85705-2D27-447C-8DD6-60EF38A82602}.Debug|Any CPU.ActiveCfg = Debug|Any CPU
		{2CD85705-2D27-447C-8DD6-60EF38A82602}.Debug|Any CPU.Build.0 = Debug|Any CPU
		{2CD85705-2D27-447C-8DD6-60EF38A82602}.Debug|x64.ActiveCfg = Debug|Any CPU
		{2CD85705-2D27-447C-8DD6-60EF38A82602}.Debug|x64.Build.0 = Debug|Any CPU
		{2CD85705-2D27-447C-8DD6-60EF38A82602}.Debug|x86.ActiveCfg = Debug|Any CPU
		{2CD85705-2D27-447C-8DD6-60EF38A82602}.Debug|x86.Build.0 = Debug|Any CPU
		{2CD85705-2D27-447C-8DD6-60EF38A82602}.Release|Any CPU.ActiveCfg = Release|Any CPU
		{2CD85705-2D27-447C-8DD6-60EF38A82602}.Release|Any CPU.Build.0 = Release|Any CPU
		{2CD85705-2D27-447C-8DD6-60EF38A82602}.Release|x64.ActiveCfg = Release|Any CPU
		{2CD85705-2D27-447C-8DD6-60EF38A82602}.Release|x64.Build.0 = Release|Any CPU
		{2CD85705-2D27-447C-8DD6-60EF38A82602}.Release|x86.ActiveCfg = Release|Any CPU
		{2CD85705-2D27-447C-8DD6-60EF38A82602}.Release|x86.Build.0 = Release|Any CPU
		{01477F3E-6C8E-4060-98FE-3DDEED9DAB97}.Debug|Any CPU.ActiveCfg = Debug|Any CPU
		{01477F3E-6C8E-4060-98FE-3DDEED9DAB97}.Debug|Any CPU.Build.0 = Debug|Any CPU
		{01477F3E-6C8E-4060-98FE-3DDEED9DAB97}.Debug|x64.ActiveCfg = Debug|Any CPU
		{01477F3E-6C8E-4060-98FE-3DDEED9DAB97}.Debug|x64.Build.0 = Debug|Any CPU
		{01477F3E-6C8E-4060-98FE-3DDEED9DAB97}.Debug|x86.ActiveCfg = Debug|Any CPU
		{01477F3E-6C8E-4060-98FE-3DDEED9DAB97}.Debug|x86.Build.0 = Debug|Any CPU
		{01477F3E-6C8E-4060-98FE-3DDEED9DAB97}.Release|Any CPU.ActiveCfg = Release|Any CPU
		{01477F3E-6C8E-4060-98FE-3DDEED9DAB97}.Release|Any CPU.Build.0 = Release|Any CPU
		{01477F3E-6C8E-4060-98FE-3DDEED9DAB97}.Release|x64.ActiveCfg = Release|Any CPU
		{01477F3E-6C8E-4060-98FE-3DDEED9DAB97}.Release|x64.Build.0 = Release|Any CPU
		{01477F3E-6C8E-4060-98FE-3DDEED9DAB97}.Release|x86.ActiveCfg = Release|Any CPU
		{01477F3E-6C8E-4060-98FE-3DDEED9DAB97}.Release|x86.Build.0 = Release|Any CPU
		{86D65388-D5A6-48AC-8652-FA801F3C2241}.Debug|Any CPU.ActiveCfg = Debug|Any CPU
		{86D65388-D5A6-48AC-8652-FA801F3C2241}.Debug|Any CPU.Build.0 = Debug|Any CPU
		{86D65388-D5A6-48AC-8652-FA801F3C2241}.Debug|x64.ActiveCfg = Debug|Any CPU
		{86D65388-D5A6-48AC-8652-FA801F3C2241}.Debug|x64.Build.0 = Debug|Any CPU
		{86D65388-D5A6-48AC-8652-FA801F3C2241}.Debug|x86.ActiveCfg = Debug|Any CPU
		{86D65388-D5A6-48AC-8652-FA801F3C2241}.Debug|x86.Build.0 = Debug|Any CPU
		{86D65388-D5A6-48AC-8652-FA801F3C2241}.Release|Any CPU.ActiveCfg = Release|Any CPU
		{86D65388-D5A6-48AC-8652-FA801F3C2241}.Release|Any CPU.Build.0 = Release|Any CPU
		{86D65388-D5A6-48AC-8652-FA801F3C2241}.Release|x64.ActiveCfg = Release|Any CPU
		{86D65388-D5A6-48AC-8652-FA801F3C2241}.Release|x64.Build.0 = Release|Any CPU
		{86D65388-D5A6-48AC-8652-FA801F3C2241}.Release|x86.ActiveCfg = Release|Any CPU
		{86D65388-D5A6-48AC-8652-FA801F3C2241}.Release|x86.Build.0 = Release|Any CPU
		{F61CB3D7-BC8D-4B03-A624-9B05443A0816}.Debug|Any CPU.ActiveCfg = Debug|Any CPU
		{F61CB3D7-BC8D-4B03-A624-9B05443A0816}.Debug|Any CPU.Build.0 = Debug|Any CPU
		{F61CB3D7-BC8D-4B03-A624-9B05443A0816}.Debug|x64.ActiveCfg = Debug|Any CPU
		{F61CB3D7-BC8D-4B03-A624-9B05443A0816}.Debug|x64.Build.0 = Debug|Any CPU
		{F61CB3D7-BC8D-4B03-A624-9B05443A0816}.Debug|x86.ActiveCfg = Debug|Any CPU
		{F61CB3D7-BC8D-4B03-A624-9B05443A0816}.Debug|x86.Build.0 = Debug|Any CPU
		{F61CB3D7-BC8D-4B03-A624-9B05443A0816}.Release|Any CPU.ActiveCfg = Release|Any CPU
		{F61CB3D7-BC8D-4B03-A624-9B05443A0816}.Release|Any CPU.Build.0 = Release|Any CPU
		{F61CB3D7-BC8D-4B03-A624-9B05443A0816}.Release|x64.ActiveCfg = Release|Any CPU
		{F61CB3D7-BC8D-4B03-A624-9B05443A0816}.Release|x64.Build.0 = Release|Any CPU
		{F61CB3D7-BC8D-4B03-A624-9B05443A0816}.Release|x86.ActiveCfg = Release|Any CPU
		{F61CB3D7-BC8D-4B03-A624-9B05443A0816}.Release|x86.Build.0 = Release|Any CPU
		{66F5E31F-7C68-4E11-BE3F-AADCC509C8EC}.Debug|Any CPU.ActiveCfg = Debug|Any CPU
		{66F5E31F-7C68-4E11-BE3F-AADCC509C8EC}.Debug|Any CPU.Build.0 = Debug|Any CPU
		{66F5E31F-7C68-4E11-BE3F-AADCC509C8EC}.Debug|x64.ActiveCfg = Debug|Any CPU
		{66F5E31F-7C68-4E11-BE3F-AADCC509C8EC}.Debug|x64.Build.0 = Debug|Any CPU
		{66F5E31F-7C68-4E11-BE3F-AADCC509C8EC}.Debug|x86.ActiveCfg = Debug|Any CPU
		{66F5E31F-7C68-4E11-BE3F-AADCC509C8EC}.Debug|x86.Build.0 = Debug|Any CPU
		{66F5E31F-7C68-4E11-BE3F-AADCC509C8EC}.Release|Any CPU.ActiveCfg = Release|Any CPU
		{66F5E31F-7C68-4E11-BE3F-AADCC509C8EC}.Release|Any CPU.Build.0 = Release|Any CPU
		{66F5E31F-7C68-4E11-BE3F-AADCC509C8EC}.Release|x64.ActiveCfg = Release|Any CPU
		{66F5E31F-7C68-4E11-BE3F-AADCC509C8EC}.Release|x64.Build.0 = Release|Any CPU
		{66F5E31F-7C68-4E11-BE3F-AADCC509C8EC}.Release|x86.ActiveCfg = Release|Any CPU
		{66F5E31F-7C68-4E11-BE3F-AADCC509C8EC}.Release|x86.Build.0 = Release|Any CPU
		{EF7EBCA9-BC65-461B-9718-FB933729FA95}.Debug|Any CPU.ActiveCfg = Debug|Any CPU
		{EF7EBCA9-BC65-461B-9718-FB933729FA95}.Debug|Any CPU.Build.0 = Debug|Any CPU
		{EF7EBCA9-BC65-461B-9718-FB933729FA95}.Debug|x64.ActiveCfg = Debug|Any CPU
		{EF7EBCA9-BC65-461B-9718-FB933729FA95}.Debug|x64.Build.0 = Debug|Any CPU
		{EF7EBCA9-BC65-461B-9718-FB933729FA95}.Debug|x86.ActiveCfg = Debug|Any CPU
		{EF7EBCA9-BC65-461B-9718-FB933729FA95}.Debug|x86.Build.0 = Debug|Any CPU
		{EF7EBCA9-BC65-461B-9718-FB933729FA95}.Release|Any CPU.ActiveCfg = Release|Any CPU
		{EF7EBCA9-BC65-461B-9718-FB933729FA95}.Release|Any CPU.Build.0 = Release|Any CPU
		{EF7EBCA9-BC65-461B-9718-FB933729FA95}.Release|x64.ActiveCfg = Release|Any CPU
		{EF7EBCA9-BC65-461B-9718-FB933729FA95}.Release|x64.Build.0 = Release|Any CPU
		{EF7EBCA9-BC65-461B-9718-FB933729FA95}.Release|x86.ActiveCfg = Release|Any CPU
		{EF7EBCA9-BC65-461B-9718-FB933729FA95}.Release|x86.Build.0 = Release|Any CPU
		{8A62089F-8D26-49C8-913F-9EE7AE16D696}.Debug|Any CPU.ActiveCfg = Debug|Any CPU
		{8A62089F-8D26-49C8-913F-9EE7AE16D696}.Debug|Any CPU.Build.0 = Debug|Any CPU
		{8A62089F-8D26-49C8-913F-9EE7AE16D696}.Debug|x64.ActiveCfg = Debug|Any CPU
		{8A62089F-8D26-49C8-913F-9EE7AE16D696}.Debug|x64.Build.0 = Debug|Any CPU
		{8A62089F-8D26-49C8-913F-9EE7AE16D696}.Debug|x86.ActiveCfg = Debug|Any CPU
		{8A62089F-8D26-49C8-913F-9EE7AE16D696}.Debug|x86.Build.0 = Debug|Any CPU
		{8A62089F-8D26-49C8-913F-9EE7AE16D696}.Release|Any CPU.ActiveCfg = Release|Any CPU
		{8A62089F-8D26-49C8-913F-9EE7AE16D696}.Release|Any CPU.Build.0 = Release|Any CPU
		{8A62089F-8D26-49C8-913F-9EE7AE16D696}.Release|x64.ActiveCfg = Release|Any CPU
		{8A62089F-8D26-49C8-913F-9EE7AE16D696}.Release|x64.Build.0 = Release|Any CPU
		{8A62089F-8D26-49C8-913F-9EE7AE16D696}.Release|x86.ActiveCfg = Release|Any CPU
		{8A62089F-8D26-49C8-913F-9EE7AE16D696}.Release|x86.Build.0 = Release|Any CPU
		{E4452150-696D-4C0B-AA57-4577AADC39AA}.Debug|Any CPU.ActiveCfg = Debug|Any CPU
		{E4452150-696D-4C0B-AA57-4577AADC39AA}.Debug|Any CPU.Build.0 = Debug|Any CPU
		{E4452150-696D-4C0B-AA57-4577AADC39AA}.Debug|x64.ActiveCfg = Debug|Any CPU
		{E4452150-696D-4C0B-AA57-4577AADC39AA}.Debug|x64.Build.0 = Debug|Any CPU
		{E4452150-696D-4C0B-AA57-4577AADC39AA}.Debug|x86.ActiveCfg = Debug|Any CPU
		{E4452150-696D-4C0B-AA57-4577AADC39AA}.Debug|x86.Build.0 = Debug|Any CPU
		{E4452150-696D-4C0B-AA57-4577AADC39AA}.Release|Any CPU.ActiveCfg = Release|Any CPU
		{E4452150-696D-4C0B-AA57-4577AADC39AA}.Release|Any CPU.Build.0 = Release|Any CPU
		{E4452150-696D-4C0B-AA57-4577AADC39AA}.Release|x64.ActiveCfg = Release|Any CPU
		{E4452150-696D-4C0B-AA57-4577AADC39AA}.Release|x64.Build.0 = Release|Any CPU
		{E4452150-696D-4C0B-AA57-4577AADC39AA}.Release|x86.ActiveCfg = Release|Any CPU
		{E4452150-696D-4C0B-AA57-4577AADC39AA}.Release|x86.Build.0 = Release|Any CPU
		{04B84C3D-192F-4529-893F-BF76031881D8}.Debug|Any CPU.ActiveCfg = Debug|Any CPU
		{04B84C3D-192F-4529-893F-BF76031881D8}.Debug|Any CPU.Build.0 = Debug|Any CPU
		{04B84C3D-192F-4529-893F-BF76031881D8}.Debug|x64.ActiveCfg = Debug|Any CPU
		{04B84C3D-192F-4529-893F-BF76031881D8}.Debug|x64.Build.0 = Debug|Any CPU
		{04B84C3D-192F-4529-893F-BF76031881D8}.Debug|x86.ActiveCfg = Debug|Any CPU
		{04B84C3D-192F-4529-893F-BF76031881D8}.Debug|x86.Build.0 = Debug|Any CPU
		{04B84C3D-192F-4529-893F-BF76031881D8}.Release|Any CPU.ActiveCfg = Release|Any CPU
		{04B84C3D-192F-4529-893F-BF76031881D8}.Release|Any CPU.Build.0 = Release|Any CPU
		{04B84C3D-192F-4529-893F-BF76031881D8}.Release|x64.ActiveCfg = Release|Any CPU
		{04B84C3D-192F-4529-893F-BF76031881D8}.Release|x64.Build.0 = Release|Any CPU
		{04B84C3D-192F-4529-893F-BF76031881D8}.Release|x86.ActiveCfg = Release|Any CPU
		{04B84C3D-192F-4529-893F-BF76031881D8}.Release|x86.Build.0 = Release|Any CPU
		{89EAAF29-9775-4637-8DB0-F10871A5C5D0}.Debug|Any CPU.ActiveCfg = Debug|Any CPU
		{89EAAF29-9775-4637-8DB0-F10871A5C5D0}.Debug|Any CPU.Build.0 = Debug|Any CPU
		{89EAAF29-9775-4637-8DB0-F10871A5C5D0}.Debug|x64.ActiveCfg = Debug|Any CPU
		{89EAAF29-9775-4637-8DB0-F10871A5C5D0}.Debug|x64.Build.0 = Debug|Any CPU
		{89EAAF29-9775-4637-8DB0-F10871A5C5D0}.Debug|x86.ActiveCfg = Debug|Any CPU
		{89EAAF29-9775-4637-8DB0-F10871A5C5D0}.Debug|x86.Build.0 = Debug|Any CPU
		{89EAAF29-9775-4637-8DB0-F10871A5C5D0}.Release|Any CPU.ActiveCfg = Release|Any CPU
		{89EAAF29-9775-4637-8DB0-F10871A5C5D0}.Release|Any CPU.Build.0 = Release|Any CPU
		{89EAAF29-9775-4637-8DB0-F10871A5C5D0}.Release|x64.ActiveCfg = Release|Any CPU
		{89EAAF29-9775-4637-8DB0-F10871A5C5D0}.Release|x64.Build.0 = Release|Any CPU
		{89EAAF29-9775-4637-8DB0-F10871A5C5D0}.Release|x86.ActiveCfg = Release|Any CPU
		{89EAAF29-9775-4637-8DB0-F10871A5C5D0}.Release|x86.Build.0 = Release|Any CPU
	EndGlobalSection
	GlobalSection(SolutionProperties) = preSolution
		HideSolutionNode = FALSE
	EndGlobalSection
	GlobalSection(NestedProjects) = preSolution
		{8D626EA8-CB54-BC41-363A-217881BEBA6E} = {827E0CD3-B72D-47B6-A68D-7590B98EB39B}
		{EB6D833E-E7F8-48B2-A5C8-DF20C09623F7} = {8D626EA8-CB54-BC41-363A-217881BEBA6E}
		{F635D2A1-5A2C-429A-AFFC-F9EE4E4E715B} = {8D626EA8-CB54-BC41-363A-217881BEBA6E}
		{EFCE4667-4748-4975-A0D0-74D1CD7F0984} = {8D626EA8-CB54-BC41-363A-217881BEBA6E}
		{F55F4200-6F28-48D7-A01F-D1B14C2BAE47} = {8D626EA8-CB54-BC41-363A-217881BEBA6E}
		{E9C81622-9E6F-45FC-AAE8-5DF1100DCCE5} = {8D626EA8-CB54-BC41-363A-217881BEBA6E}
		{6F7FF804-D1E5-4D73-8AD7-B1B2FCFCE4EA} = {8D626EA8-CB54-BC41-363A-217881BEBA6E}
		{8F62C8BF-42EF-47BF-8072-E3F7B02B1CCE} = {8D626EA8-CB54-BC41-363A-217881BEBA6E}
		{895141BA-676E-4780-8086-72992A13BCD9} = {8D626EA8-CB54-BC41-363A-217881BEBA6E}
		{D79AD2A3-C07C-4B1C-ADC4-FF3A4915F1DB} = {8D626EA8-CB54-BC41-363A-217881BEBA6E}
		{1B825AF6-ACF0-4075-89FF-29220A59376E} = {8D626EA8-CB54-BC41-363A-217881BEBA6E}
		{E94FDF3D-49B5-49F3-8E33-714A2DCB7EB5} = {8D626EA8-CB54-BC41-363A-217881BEBA6E}
		{55B17AD0-E571-4678-B2E6-F332BC1E3065} = {8D626EA8-CB54-BC41-363A-217881BEBA6E}
		{81FC32AF-3C94-45D5-9B96-A99706413745} = {8D626EA8-CB54-BC41-363A-217881BEBA6E}
		{E36B104D-584C-41A9-8FF8-44BA54C158E2} = {8D626EA8-CB54-BC41-363A-217881BEBA6E}
		{6DB0284D-E01F-4FEC-A310-7B7E57D2507F} = {8D626EA8-CB54-BC41-363A-217881BEBA6E}
		{2CD85705-2D27-447C-8DD6-60EF38A82602} = {8D626EA8-CB54-BC41-363A-217881BEBA6E}
		{01477F3E-6C8E-4060-98FE-3DDEED9DAB97} = {8D626EA8-CB54-BC41-363A-217881BEBA6E}
		{86D65388-D5A6-48AC-8652-FA801F3C2241} = {8D626EA8-CB54-BC41-363A-217881BEBA6E}
		{F61CB3D7-BC8D-4B03-A624-9B05443A0816} = {8D626EA8-CB54-BC41-363A-217881BEBA6E}
		{66F5E31F-7C68-4E11-BE3F-AADCC509C8EC} = {8D626EA8-CB54-BC41-363A-217881BEBA6E}
		{EF7EBCA9-BC65-461B-9718-FB933729FA95} = {8D626EA8-CB54-BC41-363A-217881BEBA6E}
		{8A62089F-8D26-49C8-913F-9EE7AE16D696} = {8D626EA8-CB54-BC41-363A-217881BEBA6E}
		{E4452150-696D-4C0B-AA57-4577AADC39AA} = {8D626EA8-CB54-BC41-363A-217881BEBA6E}
		{04B84C3D-192F-4529-893F-BF76031881D8} = {8D626EA8-CB54-BC41-363A-217881BEBA6E}
		{89EAAF29-9775-4637-8DB0-F10871A5C5D0} = {8D626EA8-CB54-BC41-363A-217881BEBA6E}
	EndGlobalSection
EndGlobal
